
Microsoft Visual Studio Solution File, Format Version 12.00
# Visual Studio Version 17
VisualStudioVersion = 17.0.31912.275
MinimumVisualStudioVersion = 10.0.40219.1
Project("{9A19103F-16F7-4668-BE54-9A1E7A4F7556}") = "VSR.ReceiptGenerator", "VSR.ReceiptGenerator\VSR.ReceiptGenerator.csproj", "{7DABDD0F-DD84-42AB-A0E4-15D7B5D10BD8}"
EndProject
Global
	GlobalSection(SolutionConfigurationPlatforms) = preSolution
		Debug|Any CPU = Debug|Any CPU
		Release|Any CPU = Release|Any CPU
	EndGlobalSection
	GlobalSection(ProjectConfigurationPlatforms) = postSolution
		{7DABDD0F-DD84-42AB-A0E4-15D7B5D10BD8}.Debug|Any CPU.ActiveCfg = Debug|Any CPU
		{7DABDD0F-DD84-42AB-A0E4-15D7B5D10BD8}.Debug|Any CPU.Build.0 = Debug|Any CPU
		{7DABDD0F-DD84-42AB-A0E4-15D7B5D10BD8}.Release|Any CPU.ActiveCfg = Release|Any CPU
		{7DABDD0F-DD84-42AB-A0E4-15D7B5D10BD8}.Release|Any CPU.Build.0 = Release|Any CPU
	EndGlobalSection
	GlobalSection(SolutionProperties) = preSolution
		HideSolutionNode = FALSE
	EndGlobalSection
	GlobalSection(ExtensibilityGlobals) = postSolution
		SolutionGuid = {1B6618CD-FB1A-4D18-A6E5-D065FFDE469D}
	EndGlobalSection
EndGlobal
